// !$*UTF8*$!
{
	archiveVersion = 1;
	classes = {
	};
	objectVersion = 56;
	objects = {

/* Begin PBXBuildFile section */
		186BB0FC2AC57A4300533FB4 /* Auxiliary.swift in Sources */ = {isa = PBXBuildFile; fileRef = 186BB0FB2AC57A4300533FB4 /* Auxiliary.swift */; };
		186BB0FE2AC5843400533FB4 /* AlbumListView.swift in Sources */ = {isa = PBXBuildFile; fileRef = 186BB0FD2AC5843400533FB4 /* AlbumListView.swift */; };
		186BB1022AC5CFBD00533FB4 /* PlaceholderView.swift in Sources */ = {isa = PBXBuildFile; fileRef = 186BB1012AC5CFBD00533FB4 /* PlaceholderView.swift */; };
		186BB1042AC67F4500533FB4 /* SongListView.swift in Sources */ = {isa = PBXBuildFile; fileRef = 186BB1032AC67F4500533FB4 /* SongListView.swift */; };
		186BB1082AC6808700533FB4 /* NetworkServiceAlbum.swift in Sources */ = {isa = PBXBuildFile; fileRef = 186BB1072AC6808700533FB4 /* NetworkServiceAlbum.swift */; };
		186BB10B2AC682C900533FB4 /* SearchBar.swift in Sources */ = {isa = PBXBuildFile; fileRef = 186BB10A2AC682C900533FB4 /* SearchBar.swift */; };
		186BB10D2AC68C7500533FB4 /* SongModel.swift in Sources */ = {isa = PBXBuildFile; fileRef = 186BB10C2AC68C7500533FB4 /* SongModel.swift */; };
		186BB1132AC6955F00533FB4 /* SearchView.swift in Sources */ = {isa = PBXBuildFile; fileRef = 186BB1122AC6955F00533FB4 /* SearchView.swift */; };
		186BB1172AC6C2F300533FB4 /* ImageLoadingView.swift in Sources */ = {isa = PBXBuildFile; fileRef = 186BB1162AC6C2F300533FB4 /* ImageLoadingView.swift */; };
		186BB1192AC7E47400533FB4 /* SongRowView.swift in Sources */ = {isa = PBXBuildFile; fileRef = 186BB1182AC7E47400533FB4 /* SongRowView.swift */; };
		186BB11B2AC7E79B00533FB4 /* AlbumRowView.swift in Sources */ = {isa = PBXBuildFile; fileRef = 186BB11A2AC7E79B00533FB4 /* AlbumRowView.swift */; };
		186BB11F2AC8266400533FB4 /* SongDetailView.swift in Sources */ = {isa = PBXBuildFile; fileRef = 186BB11E2AC8266400533FB4 /* SongDetailView.swift */; };
		186BB1212AC9268500533FB4 /* WebView.swift in Sources */ = {isa = PBXBuildFile; fileRef = 186BB1202AC9268500533FB4 /* WebView.swift */; };
		186BB1252AC9369200533FB4 /* SongForAlbumNetwork.swift in Sources */ = {isa = PBXBuildFile; fileRef = 186BB1242AC9369200533FB4 /* SongForAlbumNetwork.swift */; };
		186BB1272ACA6D9100533FB4 /* TextForNavigation.swift in Sources */ = {isa = PBXBuildFile; fileRef = 186BB1262ACA6D9100533FB4 /* TextForNavigation.swift */; };
		186BB1292ACA73B800533FB4 /* AlbumDetailView.swift in Sources */ = {isa = PBXBuildFile; fileRef = 186BB1282ACA73B800533FB4 /* AlbumDetailView.swift */; };
		18EAA1C62AC52B1E007931BA /* MusicAppApp.swift in Sources */ = {isa = PBXBuildFile; fileRef = 18EAA1C52AC52B1E007931BA /* MusicAppApp.swift */; };
		18EAA1C82AC52B1E007931BA /* ContentView.swift in Sources */ = {isa = PBXBuildFile; fileRef = 18EAA1C72AC52B1E007931BA /* ContentView.swift */; };
		18EAA1CA2AC52B20007931BA /* Assets.xcassets in Resources */ = {isa = PBXBuildFile; fileRef = 18EAA1C92AC52B20007931BA /* Assets.xcassets */; };
		18EAA1CD2AC52B20007931BA /* Preview Assets.xcassets in Resources */ = {isa = PBXBuildFile; fileRef = 18EAA1CC2AC52B20007931BA /* Preview Assets.xcassets */; };
		18EAA1E02AC53D1B007931BA /* Alamofire in Frameworks */ = {isa = PBXBuildFile; productRef = 18EAA1DF2AC53D1B007931BA /* Alamofire */; };
		18EAA1E32AC53E81007931BA /* NetworSeviceAlamofire.swift in Sources */ = {isa = PBXBuildFile; fileRef = 18EAA1E22AC53E81007931BA /* NetworSeviceAlamofire.swift */; };
		18EAA1E52AC546BE007931BA /* AlbumModel.swift in Sources */ = {isa = PBXBuildFile; fileRef = 18EAA1E42AC546BE007931BA /* AlbumModel.swift */; };
/* End PBXBuildFile section */

/* Begin PBXFileReference section */
		186BB0FB2AC57A4300533FB4 /* Auxiliary.swift */ = {isa = PBXFileReference; lastKnownFileType = sourcecode.swift; path = Auxiliary.swift; sourceTree = "<group>"; };
		186BB0FD2AC5843400533FB4 /* AlbumListView.swift */ = {isa = PBXFileReference; lastKnownFileType = sourcecode.swift; path = AlbumListView.swift; sourceTree = "<group>"; };
		186BB1012AC5CFBD00533FB4 /* PlaceholderView.swift */ = {isa = PBXFileReference; lastKnownFileType = sourcecode.swift; path = PlaceholderView.swift; sourceTree = "<group>"; };
		186BB1032AC67F4500533FB4 /* SongListView.swift */ = {isa = PBXFileReference; lastKnownFileType = sourcecode.swift; path = SongListView.swift; sourceTree = "<group>"; };
		186BB1072AC6808700533FB4 /* NetworkServiceAlbum.swift */ = {isa = PBXFileReference; lastKnownFileType = sourcecode.swift; path = NetworkServiceAlbum.swift; sourceTree = "<group>"; };
		186BB10A2AC682C900533FB4 /* SearchBar.swift */ = {isa = PBXFileReference; lastKnownFileType = sourcecode.swift; path = SearchBar.swift; sourceTree = "<group>"; };
		186BB10C2AC68C7500533FB4 /* SongModel.swift */ = {isa = PBXFileReference; lastKnownFileType = sourcecode.swift; path = SongModel.swift; sourceTree = "<group>"; };
		186BB1122AC6955F00533FB4 /* SearchView.swift */ = {isa = PBXFileReference; lastKnownFileType = sourcecode.swift; path = SearchView.swift; sourceTree = "<group>"; };
		186BB1162AC6C2F300533FB4 /* ImageLoadingView.swift */ = {isa = PBXFileReference; lastKnownFileType = sourcecode.swift; path = ImageLoadingView.swift; sourceTree = "<group>"; };
		186BB1182AC7E47400533FB4 /* SongRowView.swift */ = {isa = PBXFileReference; lastKnownFileType = sourcecode.swift; path = SongRowView.swift; sourceTree = "<group>"; };
		186BB11A2AC7E79B00533FB4 /* AlbumRowView.swift */ = {isa = PBXFileReference; lastKnownFileType = sourcecode.swift; path = AlbumRowView.swift; sourceTree = "<group>"; };
		186BB11E2AC8266400533FB4 /* SongDetailView.swift */ = {isa = PBXFileReference; lastKnownFileType = sourcecode.swift; path = SongDetailView.swift; sourceTree = "<group>"; };
		186BB1202AC9268500533FB4 /* WebView.swift */ = {isa = PBXFileReference; lastKnownFileType = sourcecode.swift; path = WebView.swift; sourceTree = "<group>"; };
		186BB1242AC9369200533FB4 /* SongForAlbumNetwork.swift */ = {isa = PBXFileReference; lastKnownFileType = sourcecode.swift; path = SongForAlbumNetwork.swift; sourceTree = "<group>"; };
		186BB1262ACA6D9100533FB4 /* TextForNavigation.swift */ = {isa = PBXFileReference; lastKnownFileType = sourcecode.swift; path = TextForNavigation.swift; sourceTree = "<group>"; };
		186BB1282ACA73B800533FB4 /* AlbumDetailView.swift */ = {isa = PBXFileReference; lastKnownFileType = sourcecode.swift; path = AlbumDetailView.swift; sourceTree = "<group>"; };
		18EAA1C22AC52B1E007931BA /* MusicApp.app */ = {isa = PBXFileReference; explicitFileType = wrapper.application; includeInIndex = 0; path = MusicApp.app; sourceTree = BUILT_PRODUCTS_DIR; };
		18EAA1C52AC52B1E007931BA /* MusicAppApp.swift */ = {isa = PBXFileReference; lastKnownFileType = sourcecode.swift; path = MusicAppApp.swift; sourceTree = "<group>"; };
		18EAA1C72AC52B1E007931BA /* ContentView.swift */ = {isa = PBXFileReference; lastKnownFileType = sourcecode.swift; path = ContentView.swift; sourceTree = "<group>"; };
		18EAA1C92AC52B20007931BA /* Assets.xcassets */ = {isa = PBXFileReference; lastKnownFileType = folder.assetcatalog; path = Assets.xcassets; sourceTree = "<group>"; };
		18EAA1CC2AC52B20007931BA /* Preview Assets.xcassets */ = {isa = PBXFileReference; lastKnownFileType = folder.assetcatalog; path = "Preview Assets.xcassets"; sourceTree = "<group>"; };
		18EAA1E22AC53E81007931BA /* NetworSeviceAlamofire.swift */ = {isa = PBXFileReference; lastKnownFileType = sourcecode.swift; path = NetworSeviceAlamofire.swift; sourceTree = "<group>"; };
		18EAA1E42AC546BE007931BA /* AlbumModel.swift */ = {isa = PBXFileReference; lastKnownFileType = sourcecode.swift; path = AlbumModel.swift; sourceTree = "<group>"; };
/* End PBXFileReference section */

/* Begin PBXFrameworksBuildPhase section */
		18EAA1BF2AC52B1E007931BA /* Frameworks */ = {
			isa = PBXFrameworksBuildPhase;
			buildActionMask = 2147483647;
			files = (
				18EAA1E02AC53D1B007931BA /* Alamofire in Frameworks */,
			);
			runOnlyForDeploymentPostprocessing = 0;
		};
/* End PBXFrameworksBuildPhase section */

/* Begin PBXGroup section */
		186BB1092AC682A300533FB4 /* helper */ = {
			isa = PBXGroup;
			children = (
				186BB1012AC5CFBD00533FB4 /* PlaceholderView.swift */,
				186BB10A2AC682C900533FB4 /* SearchBar.swift */,
				186BB1162AC6C2F300533FB4 /* ImageLoadingView.swift */,
				186BB1262ACA6D9100533FB4 /* TextForNavigation.swift */,
			);
			path = helper;
			sourceTree = "<group>";
		};
		186BB10E2AC68CD800533FB4 /* song */ = {
			isa = PBXGroup;
			children = (
				186BB1032AC67F4500533FB4 /* SongListView.swift */,
				186BB1182AC7E47400533FB4 /* SongRowView.swift */,
				186BB11E2AC8266400533FB4 /* SongDetailView.swift */,
			);
			path = song;
			sourceTree = "<group>";
		};
		186BB10F2AC68CE200533FB4 /* album */ = {
			isa = PBXGroup;
			children = (
				186BB0FD2AC5843400533FB4 /* AlbumListView.swift */,
				186BB11A2AC7E79B00533FB4 /* AlbumRowView.swift */,
				186BB1282ACA73B800533FB4 /* AlbumDetailView.swift */,
			);
			path = album;
			sourceTree = "<group>";
		};
		186BB1112AC6953C00533FB4 /* search */ = {
			isa = PBXGroup;
			children = (
				186BB1122AC6955F00533FB4 /* SearchView.swift */,
			);
			path = search;
			sourceTree = "<group>";
		};
		18EAA1B92AC52B1E007931BA = {
			isa = PBXGroup;
			children = (
				18EAA1C42AC52B1E007931BA /* MusicApp */,
				18EAA1C92AC52B20007931BA /* Assets.xcassets */,
				18EAA1C32AC52B1E007931BA /* Products */,
			);
			sourceTree = "<group>";
		};
		18EAA1C32AC52B1E007931BA /* Products */ = {
			isa = PBXGroup;
			children = (
				18EAA1C22AC52B1E007931BA /* MusicApp.app */,
			);
			name = Products;
			sourceTree = "<group>";
		};
		18EAA1C42AC52B1E007931BA /* MusicApp */ = {
			isa = PBXGroup;
			children = (
				18EAA1C52AC52B1E007931BA /* MusicAppApp.swift */,
				18EAA1C72AC52B1E007931BA /* ContentView.swift */,
				18EAA1E12AC53DD5007931BA /* Networking */,
				18EAA1D32AC52DC0007931BA /* View */,
				18EAA1D52AC52E0F007931BA /* model */,
				18EAA1CB2AC52B20007931BA /* Preview Content */,
			);
			path = MusicApp;
			sourceTree = "<group>";
		};
		18EAA1CB2AC52B20007931BA /* Preview Content */ = {
			isa = PBXGroup;
			children = (
				18EAA1CC2AC52B20007931BA /* Preview Assets.xcassets */,
			);
			path = "Preview Content";
			sourceTree = "<group>";
		};
		18EAA1D32AC52DC0007931BA /* View */ = {
			isa = PBXGroup;
			children = (
				186BB1112AC6953C00533FB4 /* search */,
				186BB10F2AC68CE200533FB4 /* album */,
				186BB10E2AC68CD800533FB4 /* song */,
				186BB1092AC682A300533FB4 /* helper */,
				186BB1202AC9268500533FB4 /* WebView.swift */,
			);
			path = View;
			sourceTree = "<group>";
		};
		18EAA1D52AC52E0F007931BA /* model */ = {
			isa = PBXGroup;
			children = (
				18EAA1E42AC546BE007931BA /* AlbumModel.swift */,
				186BB10C2AC68C7500533FB4 /* SongModel.swift */,
				186BB0FB2AC57A4300533FB4 /* Auxiliary.swift */,
			);
			path = model;
			sourceTree = "<group>";
		};
		18EAA1E12AC53DD5007931BA /* Networking */ = {
			isa = PBXGroup;
			children = (
				18EAA1E22AC53E81007931BA /* NetworSeviceAlamofire.swift */,
				186BB1072AC6808700533FB4 /* NetworkServiceAlbum.swift */,
				186BB1242AC9369200533FB4 /* SongForAlbumNetwork.swift */,
			);
			path = Networking;
			sourceTree = "<group>";
		};
/* End PBXGroup section */

/* Begin PBXNativeTarget section */
		18EAA1C12AC52B1E007931BA /* MusicApp */ = {
			isa = PBXNativeTarget;
			buildConfigurationList = 18EAA1D02AC52B20007931BA /* Build configuration list for PBXNativeTarget "MusicApp" */;
			buildPhases = (
				18EAA1BE2AC52B1E007931BA /* Sources */,
				18EAA1BF2AC52B1E007931BA /* Frameworks */,
				18EAA1C02AC52B1E007931BA /* Resources */,
			);
			buildRules = (
			);
			dependencies = (
			);
			name = MusicApp;
			packageProductDependencies = (
				18EAA1DF2AC53D1B007931BA /* Alamofire */,
			);
			productName = MusicApp;
			productReference = 18EAA1C22AC52B1E007931BA /* MusicApp.app */;
			productType = "com.apple.product-type.application";
		};
/* End PBXNativeTarget section */

/* Begin PBXProject section */
		18EAA1BA2AC52B1E007931BA /* Project object */ = {
			isa = PBXProject;
			attributes = {
				BuildIndependentTargetsInParallel = 1;
				LastSwiftUpdateCheck = 1430;
				LastUpgradeCheck = 1430;
				TargetAttributes = {
					18EAA1C12AC52B1E007931BA = {
						CreatedOnToolsVersion = 14.3.1;
					};
				};
			};
			buildConfigurationList = 18EAA1BD2AC52B1E007931BA /* Build configuration list for PBXProject "MusicApp" */;
			compatibilityVersion = "Xcode 14.0";
			developmentRegion = en;
			hasScannedForEncodings = 0;
			knownRegions = (
				en,
				Base,
			);
			mainGroup = 18EAA1B92AC52B1E007931BA;
			packageReferences = (
				18EAA1DE2AC53D1B007931BA /* XCRemoteSwiftPackageReference "Alamofire" */,
			);
			productRefGroup = 18EAA1C32AC52B1E007931BA /* Products */;
			projectDirPath = "";
			projectRoot = "";
			targets = (
				18EAA1C12AC52B1E007931BA /* MusicApp */,
			);
		};
/* End PBXProject section */

/* Begin PBXResourcesBuildPhase section */
		18EAA1C02AC52B1E007931BA /* Resources */ = {
			isa = PBXResourcesBuildPhase;
			buildActionMask = 2147483647;
			files = (
				18EAA1CD2AC52B20007931BA /* Preview Assets.xcassets in Resources */,
				18EAA1CA2AC52B20007931BA /* Assets.xcassets in Resources */,
			);
			runOnlyForDeploymentPostprocessing = 0;
		};
/* End PBXResourcesBuildPhase section */

/* Begin PBXSourcesBuildPhase section */
		18EAA1BE2AC52B1E007931BA /* Sources */ = {
			isa = PBXSourcesBuildPhase;
			buildActionMask = 2147483647;
			files = (
				186BB1252AC9369200533FB4 /* SongForAlbumNetwork.swift in Sources */,
				18EAA1E32AC53E81007931BA /* NetworSeviceAlamofire.swift in Sources */,
				186BB11B2AC7E79B00533FB4 /* AlbumRowView.swift in Sources */,
				186BB10D2AC68C7500533FB4 /* SongModel.swift in Sources */,
				186BB0FC2AC57A4300533FB4 /* Auxiliary.swift in Sources */,
				186BB11F2AC8266400533FB4 /* SongDetailView.swift in Sources */,
				186BB0FE2AC5843400533FB4 /* AlbumListView.swift in Sources */,
				186BB1172AC6C2F300533FB4 /* ImageLoadingView.swift in Sources */,
				186BB1132AC6955F00533FB4 /* SearchView.swift in Sources */,
				186BB1042AC67F4500533FB4 /* SongListView.swift in Sources */,
				18EAA1E52AC546BE007931BA /* AlbumModel.swift in Sources */,
				186BB1192AC7E47400533FB4 /* SongRowView.swift in Sources */,
				186BB1212AC9268500533FB4 /* WebView.swift in Sources */,
				18EAA1C82AC52B1E007931BA /* ContentView.swift in Sources */,
				186BB1022AC5CFBD00533FB4 /* PlaceholderView.swift in Sources */,
				186BB1292ACA73B800533FB4 /* AlbumDetailView.swift in Sources */,
				186BB1272ACA6D9100533FB4 /* TextForNavigation.swift in Sources */,
				186BB1082AC6808700533FB4 /* NetworkServiceAlbum.swift in Sources */,
				186BB10B2AC682C900533FB4 /* SearchBar.swift in Sources */,
				18EAA1C62AC52B1E007931BA /* MusicAppApp.swift in Sources */,
			);
			runOnlyForDeploymentPostprocessing = 0;
		};
/* End PBXSourcesBuildPhase section */

/* Begin XCBuildConfiguration section */
		18EAA1CE2AC52B20007931BA /* Debug */ = {
			isa = XCBuildConfiguration;
			buildSettings = {
				ALWAYS_SEARCH_USER_PATHS = NO;
				CLANG_ANALYZER_NONNULL = YES;
				CLANG_ANALYZER_NUMBER_OBJECT_CONVERSION = YES_AGGRESSIVE;
				CLANG_CXX_LANGUAGE_STANDARD = "gnu++20";
				CLANG_ENABLE_MODULES = YES;
				CLANG_ENABLE_OBJC_ARC = YES;
				CLANG_ENABLE_OBJC_WEAK = YES;
				CLANG_WARN_BLOCK_CAPTURE_AUTORELEASING = YES;
				CLANG_WARN_BOOL_CONVERSION = YES;
				CLANG_WARN_COMMA = YES;
				CLANG_WARN_CONSTANT_CONVERSION = YES;
				CLANG_WARN_DEPRECATED_OBJC_IMPLEMENTATIONS = YES;
				CLANG_WARN_DIRECT_OBJC_ISA_USAGE = YES_ERROR;
				CLANG_WARN_DOCUMENTATION_COMMENTS = YES;
				CLANG_WARN_EMPTY_BODY = YES;
				CLANG_WARN_ENUM_CONVERSION = YES;
				CLANG_WARN_INFINITE_RECURSION = YES;
				CLANG_WARN_INT_CONVERSION = YES;
				CLANG_WARN_NON_LITERAL_NULL_CONVERSION = YES;
				CLANG_WARN_OBJC_IMPLICIT_RETAIN_SELF = YES;
				CLANG_WARN_OBJC_LITERAL_CONVERSION = YES;
				CLANG_WARN_OBJC_ROOT_CLASS = YES_ERROR;
				CLANG_WARN_QUOTED_INCLUDE_IN_FRAMEWORK_HEADER = YES;
				CLANG_WARN_RANGE_LOOP_ANALYSIS = YES;
				CLANG_WARN_STRICT_PROTOTYPES = YES;
				CLANG_WARN_SUSPICIOUS_MOVE = YES;
				CLANG_WARN_UNGUARDED_AVAILABILITY = YES_AGGRESSIVE;
				CLANG_WARN_UNREACHABLE_CODE = YES;
				CLANG_WARN__DUPLICATE_METHOD_MATCH = YES;
				COPY_PHASE_STRIP = NO;
				DEBUG_INFORMATION_FORMAT = dwarf;
				ENABLE_STRICT_OBJC_MSGSEND = YES;
				ENABLE_TESTABILITY = YES;
				GCC_C_LANGUAGE_STANDARD = gnu11;
				GCC_DYNAMIC_NO_PIC = NO;
				GCC_NO_COMMON_BLOCKS = YES;
				GCC_OPTIMIZATION_LEVEL = 0;
				GCC_PREPROCESSOR_DEFINITIONS = (
					"DEBUG=1",
					"$(inherited)",
				);
				GCC_WARN_64_TO_32_BIT_CONVERSION = YES;
				GCC_WARN_ABOUT_RETURN_TYPE = YES_ERROR;
				GCC_WARN_UNDECLARED_SELECTOR = YES;
				GCC_WARN_UNINITIALIZED_AUTOS = YES_AGGRESSIVE;
				GCC_WARN_UNUSED_FUNCTION = YES;
				GCC_WARN_UNUSED_VARIABLE = YES;
				IPHONEOS_DEPLOYMENT_TARGET = 16.4;
				MTL_ENABLE_DEBUG_INFO = INCLUDE_SOURCE;
				MTL_FAST_MATH = YES;
				ONLY_ACTIVE_ARCH = YES;
				SDKROOT = iphoneos;
				SWIFT_ACTIVE_COMPILATION_CONDITIONS = DEBUG;
				SWIFT_OPTIMIZATION_LEVEL = "-Onone";
			};
			name = Debug;
		};
		18EAA1CF2AC52B20007931BA /* Release */ = {
			isa = XCBuildConfiguration;
			buildSettings = {
				ALWAYS_SEARCH_USER_PATHS = NO;
				CLANG_ANALYZER_NONNULL = YES;
				CLANG_ANALYZER_NUMBER_OBJECT_CONVERSION = YES_AGGRESSIVE;
				CLANG_CXX_LANGUAGE_STANDARD = "gnu++20";
				CLANG_ENABLE_MODULES = YES;
				CLANG_ENABLE_OBJC_ARC = YES;
				CLANG_ENABLE_OBJC_WEAK = YES;
				CLANG_WARN_BLOCK_CAPTURE_AUTORELEASING = YES;
				CLANG_WARN_BOOL_CONVERSION = YES;
				CLANG_WARN_COMMA = YES;
				CLANG_WARN_CONSTANT_CONVERSION = YES;
				CLANG_WARN_DEPRECATED_OBJC_IMPLEMENTATIONS = YES;
				CLANG_WARN_DIRECT_OBJC_ISA_USAGE = YES_ERROR;
				CLANG_WARN_DOCUMENTATION_COMMENTS = YES;
				CLANG_WARN_EMPTY_BODY = YES;
				CLANG_WARN_ENUM_CONVERSION = YES;
				CLANG_WARN_INFINITE_RECURSION = YES;
				CLANG_WARN_INT_CONVERSION = YES;
				CLANG_WARN_NON_LITERAL_NULL_CONVERSION = YES;
				CLANG_WARN_OBJC_IMPLICIT_RETAIN_SELF = YES;
				CLANG_WARN_OBJC_LITERAL_CONVERSION = YES;
				CLANG_WARN_OBJC_ROOT_CLASS = YES_ERROR;
				CLANG_WARN_QUOTED_INCLUDE_IN_FRAMEWORK_HEADER = YES;
				CLANG_WARN_RANGE_LOOP_ANALYSIS = YES;
				CLANG_WARN_STRICT_PROTOTYPES = YES;
				CLANG_WARN_SUSPICIOUS_MOVE = YES;
				CLANG_WARN_UNGUARDED_AVAILABILITY = YES_AGGRESSIVE;
				CLANG_WARN_UNREACHABLE_CODE = YES;
				CLANG_WARN__DUPLICATE_METHOD_MATCH = YES;
				COPY_PHASE_STRIP = NO;
				DEBUG_INFORMATION_FORMAT = "dwarf-with-dsym";
				ENABLE_NS_ASSERTIONS = NO;
				ENABLE_STRICT_OBJC_MSGSEND = YES;
				GCC_C_LANGUAGE_STANDARD = gnu11;
				GCC_NO_COMMON_BLOCKS = YES;
				GCC_WARN_64_TO_32_BIT_CONVERSION = YES;
				GCC_WARN_ABOUT_RETURN_TYPE = YES_ERROR;
				GCC_WARN_UNDECLARED_SELECTOR = YES;
				GCC_WARN_UNINITIALIZED_AUTOS = YES_AGGRESSIVE;
				GCC_WARN_UNUSED_FUNCTION = YES;
				GCC_WARN_UNUSED_VARIABLE = YES;
				IPHONEOS_DEPLOYMENT_TARGET = 16.4;
				MTL_ENABLE_DEBUG_INFO = NO;
				MTL_FAST_MATH = YES;
				SDKROOT = iphoneos;
				SWIFT_COMPILATION_MODE = wholemodule;
				SWIFT_OPTIMIZATION_LEVEL = "-O";
				VALIDATE_PRODUCT = YES;
			};
			name = Release;
		};
		18EAA1D12AC52B20007931BA /* Debug */ = {
			isa = XCBuildConfiguration;
			buildSettings = {
				ASSETCATALOG_COMPILER_APPICON_NAME = AppIcon;
				ASSETCATALOG_COMPILER_GLOBAL_ACCENT_COLOR_NAME = AccentColor;
				CODE_SIGN_STYLE = Automatic;
				CURRENT_PROJECT_VERSION = 1;
				DEVELOPMENT_ASSET_PATHS = "\"MusicApp/Preview Content\"";
				DEVELOPMENT_TEAM = P5JPX93769;
				ENABLE_PREVIEWS = YES;
				GENERATE_INFOPLIST_FILE = YES;
				INFOPLIST_KEY_UIApplicationSceneManifest_Generation = YES;
				INFOPLIST_KEY_UIApplicationSupportsIndirectInputEvents = YES;
				INFOPLIST_KEY_UILaunchScreen_Generation = YES;
				INFOPLIST_KEY_UISupportedInterfaceOrientations_iPad = "UIInterfaceOrientationPortrait UIInterfaceOrientationPortraitUpsideDown UIInterfaceOrientationLandscapeLeft UIInterfaceOrientationLandscapeRight";
				INFOPLIST_KEY_UISupportedInterfaceOrientations_iPhone = "UIInterfaceOrientationPortrait UIInterfaceOrientationLandscapeLeft UIInterfaceOrientationLandscapeRight";
				LD_RUNPATH_SEARCH_PATHS = (
					"$(inherited)",
					"@executable_path/Frameworks",
				);
				MARKETING_VERSION = 1.0;
				PRODUCT_BUNDLE_IDENTIFIER = ali.MusicApp;
				PRODUCT_NAME = "$(TARGET_NAME)";
				SWIFT_EMIT_LOC_STRINGS = YES;
				SWIFT_VERSION = 5.0;
				TARGETED_DEVICE_FAMILY = "1,2";
			};
			name = Debug;
		};
		18EAA1D22AC52B20007931BA /* Release */ = {
			isa = XCBuildConfiguration;
			buildSettings = {
				ASSETCATALOG_COMPILER_APPICON_NAME = AppIcon;
				ASSETCATALOG_COMPILER_GLOBAL_ACCENT_COLOR_NAME = AccentColor;
				CODE_SIGN_STYLE = Automatic;
				CURRENT_PROJECT_VERSION = 1;
				DEVELOPMENT_ASSET_PATHS = "\"MusicApp/Preview Content\"";
				DEVELOPMENT_TEAM = P5JPX93769;
				ENABLE_PREVIEWS = YES;
				GENERATE_INFOPLIST_FILE = YES;
				INFOPLIST_KEY_UIApplicationSceneManifest_Generation = YES;
				INFOPLIST_KEY_UIApplicationSupportsIndirectInputEvents = YES;
				INFOPLIST_KEY_UILaunchScreen_Generation = YES;
				INFOPLIST_KEY_UISupportedInterfaceOrientations_iPad = "UIInterfaceOrientationPortrait UIInterfaceOrientationPortraitUpsideDown UIInterfaceOrientationLandscapeLeft UIInterfaceOrientationLandscapeRight";
				INFOPLIST_KEY_UISupportedInterfaceOrientations_iPhone = "UIInterfaceOrientationPortrait UIInterfaceOrientationLandscapeLeft UIInterfaceOrientationLandscapeRight";
				LD_RUNPATH_SEARCH_PATHS = (
					"$(inherited)",
					"@executable_path/Frameworks",
				);
				MARKETING_VERSION = 1.0;
				PRODUCT_BUNDLE_IDENTIFIER = ali.MusicApp;
				PRODUCT_NAME = "$(TARGET_NAME)";
				SWIFT_EMIT_LOC_STRINGS = YES;
				SWIFT_VERSION = 5.0;
				TARGETED_DEVICE_FAMILY = "1,2";
			};
			name = Release;
		};
/* End XCBuildConfiguration section */

/* Begin XCConfigurationList section */
		18EAA1BD2AC52B1E007931BA /* Build configuration list for PBXProject "MusicApp" */ = {
			isa = XCConfigurationList;
			buildConfigurations = (
				18EAA1CE2AC52B20007931BA /* Debug */,
				18EAA1CF2AC52B20007931BA /* Release */,
			);
			defaultConfigurationIsVisible = 0;
			defaultConfigurationName = Release;
		};
		18EAA1D02AC52B20007931BA /* Build configuration list for PBXNativeTarget "MusicApp" */ = {
			isa = XCConfigurationList;
			buildConfigurations = (
				18EAA1D12AC52B20007931BA /* Debug */,
				18EAA1D22AC52B20007931BA /* Release */,
			);
			defaultConfigurationIsVisible = 0;
			defaultConfigurationName = Release;
		};
/* End XCConfigurationList section */

/* Begin XCRemoteSwiftPackageReference section */
		18EAA1DE2AC53D1B007931BA /* XCRemoteSwiftPackageReference "Alamofire" */ = {
			isa = XCRemoteSwiftPackageReference;
			repositoryURL = "https://github.com/Alamofire/Alamofire.git";
			requirement = {
				kind = upToNextMajorVersion;
				minimumVersion = 5.0.0;
			};
		};
/* End XCRemoteSwiftPackageReference section */

/* Begin XCSwiftPackageProductDependency section */
		18EAA1DF2AC53D1B007931BA /* Alamofire */ = {
			isa = XCSwiftPackageProductDependency;
			package = 18EAA1DE2AC53D1B007931BA /* XCRemoteSwiftPackageReference "Alamofire" */;
			productName = Alamofire;
		};
/* End XCSwiftPackageProductDependency section */
	};
	rootObject = 18EAA1BA2AC52B1E007931BA /* Project object */;
}
